
Microsoft Visual Studio Solution File, Format Version 12.00
# Visual Studio Version 16
VisualStudioVersion = 16.0.31911.196
MinimumVisualStudioVersion = 10.0.40219.1
Project("{FAE04EC0-301F-11D3-BF4B-00C04F79EFBC}") = "YazLab3", "YazLab3\YazLab3.csproj", "{A30BA661-F6B3-47E7-BFB4-1A30A51FDFE2}"
EndProject
Global
	GlobalSection(SolutionConfigurationPlatforms) = preSolution
		Debug|Any CPU = Debug|Any CPU
		Release|Any CPU = Release|Any CPU
	EndGlobalSection
	GlobalSection(ProjectConfigurationPlatforms) = postSolution
		{A30BA661-F6B3-47E7-BFB4-1A30A51FDFE2}.Debug|Any CPU.ActiveCfg = Debug|Any CPU
		{A30BA661-F6B3-47E7-BFB4-1A30A51FDFE2}.Debug|Any CPU.Build.0 = Debug|Any CPU
		{A30BA661-F6B3-47E7-BFB4-1A30A51FDFE2}.Release|Any CPU.ActiveCfg = Release|Any CPU
		{A30BA661-F6B3-47E7-BFB4-1A30A51FDFE2}.Release|Any CPU.Build.0 = Release|Any CPU
	EndGlobalSection
	GlobalSection(SolutionProperties) = preSolution
		HideSolutionNode = FALSE
	EndGlobalSection
	GlobalSection(ExtensibilityGlobals) = postSolution
		SolutionGuid = {ABACA6ED-99EB-4831-85A4-2EF836A22623}
	EndGlobalSection
EndGlobal
